
Microsoft Visual Studio Solution File, Format Version 12.00
# Visual Studio Version 17
VisualStudioVersion = 17.12.35707.178
MinimumVisualStudioVersion = 10.0.40219.1
Project("{FAE04EC0-301F-11D3-BF4B-00C04F79EFBC}") = "ui", "game\ui.csproj", "{010020F8-2B2D-4A38-B9F4-722EC05ED7AF}"
EndProject
Project("{FAE04EC0-301F-11D3-BF4B-00C04F79EFBC}") = "Engine", "Engine\Engine.csproj", "{32745041-E7AD-47B2-A145-9CBC0D7156A8}"
EndProject
Global
	GlobalSection(SolutionConfigurationPlatforms) = preSolution
		Debug|Any CPU = Debug|Any CPU
		Release|Any CPU = Release|Any CPU
	EndGlobalSection
	GlobalSection(ProjectConfigurationPlatforms) = postSolution
		{010020F8-2B2D-4A38-B9F4-722EC05ED7AF}.Debug|Any CPU.ActiveCfg = Debug|Any CPU
		{010020F8-2B2D-4A38-B9F4-722EC05ED7AF}.Debug|Any CPU.Build.0 = Debug|Any CPU
		{010020F8-2B2D-4A38-B9F4-722EC05ED7AF}.Release|Any CPU.ActiveCfg = Release|Any CPU
		{010020F8-2B2D-4A38-B9F4-722EC05ED7AF}.Release|Any CPU.Build.0 = Release|Any CPU
		{32745041-E7AD-47B2-A145-9CBC0D7156A8}.Debug|Any CPU.ActiveCfg = Debug|Any CPU
		{32745041-E7AD-47B2-A145-9CBC0D7156A8}.Debug|Any CPU.Build.0 = Debug|Any CPU
		{32745041-E7AD-47B2-A145-9CBC0D7156A8}.Release|Any CPU.ActiveCfg = Release|Any CPU
		{32745041-E7AD-47B2-A145-9CBC0D7156A8}.Release|Any CPU.Build.0 = Release|Any CPU
	EndGlobalSection
	GlobalSection(SolutionProperties) = preSolution
		HideSolutionNode = FALSE
	EndGlobalSection
EndGlobal
